
Microsoft Visual Studio Solution File, Format Version 12.00
Project("{FAE04EC0-301F-11D3-BF4B-00C04F79EFBC}") = "TypesAssignableOverview", "TypesAssignableOverview\TypesAssignableOverview.csproj", "{418AF42C-B891-4DDD-81A4-2504D0E1838A}"
EndProject
Project("{FAE04EC0-301F-11D3-BF4B-00C04F79EFBC}") = "TestMethodTable", "TestMethodTable\TestMethodTable.csproj", "{7172881A-C71E-4166-B8E0-C555291E5EB4}"
EndProject
Global
	GlobalSection(SolutionConfigurationPlatforms) = preSolution
		Debug|Any CPU = Debug|Any CPU
		Release|Any CPU = Release|Any CPU
	EndGlobalSection
	GlobalSection(ProjectConfigurationPlatforms) = postSolution
		{418AF42C-B891-4DDD-81A4-2504D0E1838A}.Debug|Any CPU.ActiveCfg = Debug|Any CPU
		{418AF42C-B891-4DDD-81A4-2504D0E1838A}.Debug|Any CPU.Build.0 = Debug|Any CPU
		{418AF42C-B891-4DDD-81A4-2504D0E1838A}.Release|Any CPU.ActiveCfg = Release|Any CPU
		{418AF42C-B891-4DDD-81A4-2504D0E1838A}.Release|Any CPU.Build.0 = Release|Any CPU
		{7172881A-C71E-4166-B8E0-C555291E5EB4}.Debug|Any CPU.ActiveCfg = Debug|Any CPU
		{7172881A-C71E-4166-B8E0-C555291E5EB4}.Debug|Any CPU.Build.0 = Debug|Any CPU
		{7172881A-C71E-4166-B8E0-C555291E5EB4}.Release|Any CPU.ActiveCfg = Release|Any CPU
		{7172881A-C71E-4166-B8E0-C555291E5EB4}.Release|Any CPU.Build.0 = Release|Any CPU
	EndGlobalSection
EndGlobal
