
Microsoft Visual Studio Solution File, Format Version 12.00
# Visual Studio 14
VisualStudioVersion = 14.0.25420.1
MinimumVisualStudioVersion = 10.0.40219.1
Project("{FAE04EC0-301F-11D3-BF4B-00C04F79EFBC}") = "SimpleHybridLock", "SimpleHybridLock\SimpleHybridLock.csproj", "{240915B9-8E5F-41BB-B79F-FB1356C5FD0A}"
EndProject
Project("{FAE04EC0-301F-11D3-BF4B-00C04F79EFBC}") = "MultithreadUtils", "MultithreadUtils\MultithreadUtils.csproj", "{8EF24CFC-658D-4724-875A-9BB8E4BC797B}"
EndProject
Project("{FAE04EC0-301F-11D3-BF4B-00C04F79EFBC}") = "SmartHybridLock", "SmartHybridLock\SmartHybridLock.csproj", "{D726AA15-2521-4EFD-88CD-20F649FD4B3B}"
EndProject
Project("{FAE04EC0-301F-11D3-BF4B-00C04F79EFBC}") = "DoubleCheckLocking", "DoubleCheckLocking\DoubleCheckLocking.csproj", "{9D6C7461-86AA-4B51-B583-5CC005AF1944}"
EndProject
Global
	GlobalSection(SolutionConfigurationPlatforms) = preSolution
		Debug|Any CPU = Debug|Any CPU
		Release|Any CPU = Release|Any CPU
	EndGlobalSection
	GlobalSection(ProjectConfigurationPlatforms) = postSolution
		{240915B9-8E5F-41BB-B79F-FB1356C5FD0A}.Debug|Any CPU.ActiveCfg = Debug|Any CPU
		{240915B9-8E5F-41BB-B79F-FB1356C5FD0A}.Debug|Any CPU.Build.0 = Debug|Any CPU
		{240915B9-8E5F-41BB-B79F-FB1356C5FD0A}.Release|Any CPU.ActiveCfg = Release|Any CPU
		{240915B9-8E5F-41BB-B79F-FB1356C5FD0A}.Release|Any CPU.Build.0 = Release|Any CPU
		{8EF24CFC-658D-4724-875A-9BB8E4BC797B}.Debug|Any CPU.ActiveCfg = Debug|Any CPU
		{8EF24CFC-658D-4724-875A-9BB8E4BC797B}.Debug|Any CPU.Build.0 = Debug|Any CPU
		{8EF24CFC-658D-4724-875A-9BB8E4BC797B}.Release|Any CPU.ActiveCfg = Release|Any CPU
		{8EF24CFC-658D-4724-875A-9BB8E4BC797B}.Release|Any CPU.Build.0 = Release|Any CPU
		{D726AA15-2521-4EFD-88CD-20F649FD4B3B}.Debug|Any CPU.ActiveCfg = Debug|Any CPU
		{D726AA15-2521-4EFD-88CD-20F649FD4B3B}.Debug|Any CPU.Build.0 = Debug|Any CPU
		{D726AA15-2521-4EFD-88CD-20F649FD4B3B}.Release|Any CPU.ActiveCfg = Release|Any CPU
		{D726AA15-2521-4EFD-88CD-20F649FD4B3B}.Release|Any CPU.Build.0 = Release|Any CPU
		{9D6C7461-86AA-4B51-B583-5CC005AF1944}.Debug|Any CPU.ActiveCfg = Debug|Any CPU
		{9D6C7461-86AA-4B51-B583-5CC005AF1944}.Debug|Any CPU.Build.0 = Debug|Any CPU
		{9D6C7461-86AA-4B51-B583-5CC005AF1944}.Release|Any CPU.ActiveCfg = Release|Any CPU
		{9D6C7461-86AA-4B51-B583-5CC005AF1944}.Release|Any CPU.Build.0 = Release|Any CPU
	EndGlobalSection
	GlobalSection(SolutionProperties) = preSolution
		HideSolutionNode = FALSE
	EndGlobalSection
EndGlobal
