
Microsoft Visual Studio Solution File, Format Version 12.00
# Visual Studio 14
VisualStudioVersion = 14.0.25420.1
MinimumVisualStudioVersion = 10.0.40219.1
Project("{FAE04EC0-301F-11D3-BF4B-00C04F79EFBC}") = "TypeCtor", "TypeCtor\TypeCtor.csproj", "{B2AD0FAC-7FBB-462B-B3C2-8C59EDF39DCD}"
EndProject
Project("{FAE04EC0-301F-11D3-BF4B-00C04F79EFBC}") = "Contravariance", "Contravariance\Contravariance.csproj", "{7849BCF7-AF9C-4AC0-9B98-1EB6A71C17B7}"
EndProject
Global
	GlobalSection(SolutionConfigurationPlatforms) = preSolution
		Debug|Any CPU = Debug|Any CPU
		Release|Any CPU = Release|Any CPU
	EndGlobalSection
	GlobalSection(ProjectConfigurationPlatforms) = postSolution
		{B2AD0FAC-7FBB-462B-B3C2-8C59EDF39DCD}.Debug|Any CPU.ActiveCfg = Debug|Any CPU
		{B2AD0FAC-7FBB-462B-B3C2-8C59EDF39DCD}.Debug|Any CPU.Build.0 = Debug|Any CPU
		{B2AD0FAC-7FBB-462B-B3C2-8C59EDF39DCD}.Release|Any CPU.ActiveCfg = Release|Any CPU
		{B2AD0FAC-7FBB-462B-B3C2-8C59EDF39DCD}.Release|Any CPU.Build.0 = Release|Any CPU
		{7849BCF7-AF9C-4AC0-9B98-1EB6A71C17B7}.Debug|Any CPU.ActiveCfg = Debug|Any CPU
		{7849BCF7-AF9C-4AC0-9B98-1EB6A71C17B7}.Debug|Any CPU.Build.0 = Debug|Any CPU
		{7849BCF7-AF9C-4AC0-9B98-1EB6A71C17B7}.Release|Any CPU.ActiveCfg = Release|Any CPU
		{7849BCF7-AF9C-4AC0-9B98-1EB6A71C17B7}.Release|Any CPU.Build.0 = Release|Any CPU
	EndGlobalSection
	GlobalSection(SolutionProperties) = preSolution
		HideSolutionNode = FALSE
	EndGlobalSection
EndGlobal
