
Microsoft Visual Studio Solution File, Format Version 12.00
Project("{FAE04EC0-301F-11D3-BF4B-00C04F79EFBC}") = "ChainOfResponsibility", "ChainOfResponsibility\ChainOfResponsibility.csproj", "{4C11237C-7CB9-46C7-AA70-6A757B412510}"
EndProject
Project("{FAE04EC0-301F-11D3-BF4B-00C04F79EFBC}") = "Command", "Command\Command.csproj", "{25BAEDC0-7002-4367-B062-41D34DD944B0}"
EndProject
Project("{FAE04EC0-301F-11D3-BF4B-00C04F79EFBC}") = "Mediator", "Mediator\Mediator.csproj", "{8D9560FE-87E7-4AAA-AC41-DD3B725E4A08}"
EndProject
Project("{FAE04EC0-301F-11D3-BF4B-00C04F79EFBC}") = "ClassicMemento", "ClassicMemento\ClassicMemento.csproj", "{8300C381-5032-432C-BD64-517428741D88}"
EndProject
Project("{2150E333-8FDC-42A3-9474-1A3956D46DE8}") = "Memento", "Memento", "{A99BF6EF-03F7-48B7-BDC9-069B790A91D0}"
EndProject
Project("{FAE04EC0-301F-11D3-BF4B-00C04F79EFBC}") = "NonClassicMemento", "NonClassicMemento\NonClassicMemento.csproj", "{7A766FB0-D49B-4EA7-B0F2-7FF7B0703DAF}"
EndProject
Global
	GlobalSection(SolutionConfigurationPlatforms) = preSolution
		Debug|Any CPU = Debug|Any CPU
		Release|Any CPU = Release|Any CPU
	EndGlobalSection
	GlobalSection(ProjectConfigurationPlatforms) = postSolution
		{4C11237C-7CB9-46C7-AA70-6A757B412510}.Debug|Any CPU.ActiveCfg = Debug|Any CPU
		{4C11237C-7CB9-46C7-AA70-6A757B412510}.Debug|Any CPU.Build.0 = Debug|Any CPU
		{4C11237C-7CB9-46C7-AA70-6A757B412510}.Release|Any CPU.ActiveCfg = Release|Any CPU
		{4C11237C-7CB9-46C7-AA70-6A757B412510}.Release|Any CPU.Build.0 = Release|Any CPU
		{25BAEDC0-7002-4367-B062-41D34DD944B0}.Debug|Any CPU.ActiveCfg = Debug|Any CPU
		{25BAEDC0-7002-4367-B062-41D34DD944B0}.Debug|Any CPU.Build.0 = Debug|Any CPU
		{25BAEDC0-7002-4367-B062-41D34DD944B0}.Release|Any CPU.ActiveCfg = Release|Any CPU
		{25BAEDC0-7002-4367-B062-41D34DD944B0}.Release|Any CPU.Build.0 = Release|Any CPU
		{8D9560FE-87E7-4AAA-AC41-DD3B725E4A08}.Debug|Any CPU.ActiveCfg = Debug|Any CPU
		{8D9560FE-87E7-4AAA-AC41-DD3B725E4A08}.Debug|Any CPU.Build.0 = Debug|Any CPU
		{8D9560FE-87E7-4AAA-AC41-DD3B725E4A08}.Release|Any CPU.ActiveCfg = Release|Any CPU
		{8D9560FE-87E7-4AAA-AC41-DD3B725E4A08}.Release|Any CPU.Build.0 = Release|Any CPU
		{8300C381-5032-432C-BD64-517428741D88}.Debug|Any CPU.ActiveCfg = Debug|Any CPU
		{8300C381-5032-432C-BD64-517428741D88}.Debug|Any CPU.Build.0 = Debug|Any CPU
		{8300C381-5032-432C-BD64-517428741D88}.Release|Any CPU.ActiveCfg = Release|Any CPU
		{8300C381-5032-432C-BD64-517428741D88}.Release|Any CPU.Build.0 = Release|Any CPU
		{7A766FB0-D49B-4EA7-B0F2-7FF7B0703DAF}.Debug|Any CPU.ActiveCfg = Debug|Any CPU
		{7A766FB0-D49B-4EA7-B0F2-7FF7B0703DAF}.Debug|Any CPU.Build.0 = Debug|Any CPU
		{7A766FB0-D49B-4EA7-B0F2-7FF7B0703DAF}.Release|Any CPU.ActiveCfg = Release|Any CPU
		{7A766FB0-D49B-4EA7-B0F2-7FF7B0703DAF}.Release|Any CPU.Build.0 = Release|Any CPU
	EndGlobalSection
	GlobalSection(NestedProjects) = preSolution
		{8300C381-5032-432C-BD64-517428741D88} = {A99BF6EF-03F7-48B7-BDC9-069B790A91D0}
		{7A766FB0-D49B-4EA7-B0F2-7FF7B0703DAF} = {A99BF6EF-03F7-48B7-BDC9-069B790A91D0}
	EndGlobalSection
EndGlobal
