
Microsoft Visual Studio Solution File, Format Version 12.00
# Visual Studio 14
VisualStudioVersion = 14.0.25420.1
MinimumVisualStudioVersion = 10.0.40219.1
Project("{FAE04EC0-301F-11D3-BF4B-00C04F79EFBC}") = "VolatileUsage", "VolatileUsage\VolatileUsage.csproj", "{48883E3A-94F6-48C2-9CAD-3C5F06F1B6FE}"
EndProject
Project("{FAE04EC0-301F-11D3-BF4B-00C04F79EFBC}") = "VolatileUsage2", "VolatileUsage2\VolatileUsage2.csproj", "{DFF65F9E-8343-4C0A-A2DC-004DBD02C70B}"
EndProject
Project("{2150E333-8FDC-42A3-9474-1A3956D46DE8}") = "Volatile", "Volatile", "{3530B723-FEDB-4D1D-942B-940A6E145F4E}"
EndProject
Project("{FAE04EC0-301F-11D3-BF4B-00C04F79EFBC}") = "InterlockedUsage", "InterlockedUsage\InterlockedUsage.csproj", "{D4FD7401-42E3-4A3F-8BE9-C2ABE799249B}"
EndProject
Project("{2150E333-8FDC-42A3-9474-1A3956D46DE8}") = "Interlocked", "Interlocked", "{8BF8A2CA-0575-41AD-AF4D-EC4212B6C764}"
EndProject
Project("{FAE04EC0-301F-11D3-BF4B-00C04F79EFBC}") = "MultiThreadSharedDataTest", "MultiThreadSharedDataTest\MultiThreadSharedDataTest.csproj", "{FF5F6175-CA0F-4F4B-9231-0E81A624D3E5}"
EndProject
Project("{FAE04EC0-301F-11D3-BF4B-00C04F79EFBC}") = "SimpleSpinLockExample", "SimpleSpinLockExample\SimpleSpinLockExample.csproj", "{F4F92F18-BF8B-4F26-A596-CC835385D463}"
EndProject
Project("{FAE04EC0-301F-11D3-BF4B-00C04F79EFBC}") = "InterlockedPattern", "InterlockedPattern\InterlockedPattern.csproj", "{3F832573-A611-4FE4-B9ED-AFA8238C3385}"
EndProject
Project("{2150E333-8FDC-42A3-9474-1A3956D46DE8}") = "UserModeConstructions", "UserModeConstructions", "{5B3C4450-AC60-436E-9F88-CCC4EBE7CFCF}"
EndProject
Project("{2150E333-8FDC-42A3-9474-1A3956D46DE8}") = "KernelModeConstructions", "KernelModeConstructions", "{4C4004C0-ED04-4527-A461-3454B04F430C}"
EndProject
Project("{FAE04EC0-301F-11D3-BF4B-00C04F79EFBC}") = "InterprocessExample", "InterprocessExample\InterprocessExample.csproj", "{EB535BDC-97BC-4C14-8CD4-84E81C59694F}"
EndProject
Global
	GlobalSection(SolutionConfigurationPlatforms) = preSolution
		Debug|Any CPU = Debug|Any CPU
		Release|Any CPU = Release|Any CPU
	EndGlobalSection
	GlobalSection(ProjectConfigurationPlatforms) = postSolution
		{48883E3A-94F6-48C2-9CAD-3C5F06F1B6FE}.Debug|Any CPU.ActiveCfg = Debug|Any CPU
		{48883E3A-94F6-48C2-9CAD-3C5F06F1B6FE}.Debug|Any CPU.Build.0 = Debug|Any CPU
		{48883E3A-94F6-48C2-9CAD-3C5F06F1B6FE}.Release|Any CPU.ActiveCfg = Release|Any CPU
		{48883E3A-94F6-48C2-9CAD-3C5F06F1B6FE}.Release|Any CPU.Build.0 = Release|Any CPU
		{DFF65F9E-8343-4C0A-A2DC-004DBD02C70B}.Debug|Any CPU.ActiveCfg = Debug|Any CPU
		{DFF65F9E-8343-4C0A-A2DC-004DBD02C70B}.Debug|Any CPU.Build.0 = Debug|Any CPU
		{DFF65F9E-8343-4C0A-A2DC-004DBD02C70B}.Release|Any CPU.ActiveCfg = Release|Any CPU
		{DFF65F9E-8343-4C0A-A2DC-004DBD02C70B}.Release|Any CPU.Build.0 = Release|Any CPU
		{D4FD7401-42E3-4A3F-8BE9-C2ABE799249B}.Debug|Any CPU.ActiveCfg = Debug|Any CPU
		{D4FD7401-42E3-4A3F-8BE9-C2ABE799249B}.Debug|Any CPU.Build.0 = Debug|Any CPU
		{D4FD7401-42E3-4A3F-8BE9-C2ABE799249B}.Release|Any CPU.ActiveCfg = Release|Any CPU
		{D4FD7401-42E3-4A3F-8BE9-C2ABE799249B}.Release|Any CPU.Build.0 = Release|Any CPU
		{FF5F6175-CA0F-4F4B-9231-0E81A624D3E5}.Debug|Any CPU.ActiveCfg = Debug|Any CPU
		{FF5F6175-CA0F-4F4B-9231-0E81A624D3E5}.Debug|Any CPU.Build.0 = Debug|Any CPU
		{FF5F6175-CA0F-4F4B-9231-0E81A624D3E5}.Release|Any CPU.ActiveCfg = Release|Any CPU
		{FF5F6175-CA0F-4F4B-9231-0E81A624D3E5}.Release|Any CPU.Build.0 = Release|Any CPU
		{F4F92F18-BF8B-4F26-A596-CC835385D463}.Debug|Any CPU.ActiveCfg = Debug|Any CPU
		{F4F92F18-BF8B-4F26-A596-CC835385D463}.Debug|Any CPU.Build.0 = Debug|Any CPU
		{F4F92F18-BF8B-4F26-A596-CC835385D463}.Release|Any CPU.ActiveCfg = Release|Any CPU
		{F4F92F18-BF8B-4F26-A596-CC835385D463}.Release|Any CPU.Build.0 = Release|Any CPU
		{3F832573-A611-4FE4-B9ED-AFA8238C3385}.Debug|Any CPU.ActiveCfg = Debug|Any CPU
		{3F832573-A611-4FE4-B9ED-AFA8238C3385}.Debug|Any CPU.Build.0 = Debug|Any CPU
		{3F832573-A611-4FE4-B9ED-AFA8238C3385}.Release|Any CPU.ActiveCfg = Release|Any CPU
		{3F832573-A611-4FE4-B9ED-AFA8238C3385}.Release|Any CPU.Build.0 = Release|Any CPU
		{EB535BDC-97BC-4C14-8CD4-84E81C59694F}.Debug|Any CPU.ActiveCfg = Debug|Any CPU
		{EB535BDC-97BC-4C14-8CD4-84E81C59694F}.Debug|Any CPU.Build.0 = Debug|Any CPU
		{EB535BDC-97BC-4C14-8CD4-84E81C59694F}.Release|Any CPU.ActiveCfg = Release|Any CPU
		{EB535BDC-97BC-4C14-8CD4-84E81C59694F}.Release|Any CPU.Build.0 = Release|Any CPU
	EndGlobalSection
	GlobalSection(SolutionProperties) = preSolution
		HideSolutionNode = FALSE
	EndGlobalSection
	GlobalSection(NestedProjects) = preSolution
		{48883E3A-94F6-48C2-9CAD-3C5F06F1B6FE} = {3530B723-FEDB-4D1D-942B-940A6E145F4E}
		{DFF65F9E-8343-4C0A-A2DC-004DBD02C70B} = {3530B723-FEDB-4D1D-942B-940A6E145F4E}
		{D4FD7401-42E3-4A3F-8BE9-C2ABE799249B} = {8BF8A2CA-0575-41AD-AF4D-EC4212B6C764}
		{F4F92F18-BF8B-4F26-A596-CC835385D463} = {8BF8A2CA-0575-41AD-AF4D-EC4212B6C764}
		{3F832573-A611-4FE4-B9ED-AFA8238C3385} = {8BF8A2CA-0575-41AD-AF4D-EC4212B6C764}
		{FF5F6175-CA0F-4F4B-9231-0E81A624D3E5} = {5B3C4450-AC60-436E-9F88-CCC4EBE7CFCF}
		{3530B723-FEDB-4D1D-942B-940A6E145F4E} = {5B3C4450-AC60-436E-9F88-CCC4EBE7CFCF}
		{8BF8A2CA-0575-41AD-AF4D-EC4212B6C764} = {5B3C4450-AC60-436E-9F88-CCC4EBE7CFCF}
		{EB535BDC-97BC-4C14-8CD4-84E81C59694F} = {4C4004C0-ED04-4527-A461-3454B04F430C}
	EndGlobalSection
EndGlobal
