
Microsoft Visual Studio Solution File, Format Version 12.00
Project("{FAE04EC0-301F-11D3-BF4B-00C04F79EFBC}") = "ResourcesTest", "ResourcesTest\ResourcesTest.csproj", "{1811D4C2-068E-431F-BDE4-4D991F48667F}"
EndProject
Project("{FAE04EC0-301F-11D3-BF4B-00C04F79EFBC}") = "Retrieve", "Retrieve\Retrieve.csproj", "{49C940B6-4BC1-4AF5-9CFD-5973777FA04F}"
EndProject
Global
	GlobalSection(SolutionConfigurationPlatforms) = preSolution
		Debug|Any CPU = Debug|Any CPU
		Release|Any CPU = Release|Any CPU
	EndGlobalSection
	GlobalSection(ProjectConfigurationPlatforms) = postSolution
		{1811D4C2-068E-431F-BDE4-4D991F48667F}.Debug|Any CPU.ActiveCfg = Debug|Any CPU
		{1811D4C2-068E-431F-BDE4-4D991F48667F}.Debug|Any CPU.Build.0 = Debug|Any CPU
		{1811D4C2-068E-431F-BDE4-4D991F48667F}.Release|Any CPU.ActiveCfg = Release|Any CPU
		{1811D4C2-068E-431F-BDE4-4D991F48667F}.Release|Any CPU.Build.0 = Release|Any CPU
		{49C940B6-4BC1-4AF5-9CFD-5973777FA04F}.Debug|Any CPU.ActiveCfg = Debug|Any CPU
		{49C940B6-4BC1-4AF5-9CFD-5973777FA04F}.Debug|Any CPU.Build.0 = Debug|Any CPU
		{49C940B6-4BC1-4AF5-9CFD-5973777FA04F}.Release|Any CPU.ActiveCfg = Release|Any CPU
		{49C940B6-4BC1-4AF5-9CFD-5973777FA04F}.Release|Any CPU.Build.0 = Release|Any CPU
	EndGlobalSection
EndGlobal
