
Microsoft Visual Studio Solution File, Format Version 12.00
# Visual Studio 14
VisualStudioVersion = 14.0.25420.1
MinimumVisualStudioVersion = 10.0.40219.1
Project("{FAE04EC0-301F-11D3-BF4B-00C04F79EFBC}") = "Definition", "Definition\Definition.csproj", "{5F1DB711-4E27-4761-965B-ABE222A5BEC8}"
EndProject
Project("{FAE04EC0-301F-11D3-BF4B-00C04F79EFBC}") = "DataRetrieving", "DataRetrieving\DataRetrieving.csproj", "{08B7C081-F11B-45C1-A1C0-AA0E5E7B2F03}"
EndProject
Project("{FAE04EC0-301F-11D3-BF4B-00C04F79EFBC}") = "DebuggerViewTest", "DebuggerViewTest\DebuggerViewTest.csproj", "{062D6E75-2A6D-4A5D-ACC9-3E16C4AFD69D}"
EndProject
Project("{FAE04EC0-301F-11D3-BF4B-00C04F79EFBC}") = "CheckCtorExecutionTime", "CheckCtorExecutionTime\CheckCtorExecutionTime.csproj", "{B6F9E78C-4B2A-4563-B84D-F0449DE7845B}"
EndProject
Project("{FAE04EC0-301F-11D3-BF4B-00C04F79EFBC}") = "Inheritance", "Inheritance\Inheritance.csproj", "{133AC925-9EE6-49F5-8BBC-6BD78BDE3F85}"
EndProject
Global
	GlobalSection(SolutionConfigurationPlatforms) = preSolution
		Debug|Any CPU = Debug|Any CPU
		Release|Any CPU = Release|Any CPU
	EndGlobalSection
	GlobalSection(ProjectConfigurationPlatforms) = postSolution
		{5F1DB711-4E27-4761-965B-ABE222A5BEC8}.Debug|Any CPU.ActiveCfg = Debug|Any CPU
		{5F1DB711-4E27-4761-965B-ABE222A5BEC8}.Debug|Any CPU.Build.0 = Debug|Any CPU
		{5F1DB711-4E27-4761-965B-ABE222A5BEC8}.Release|Any CPU.ActiveCfg = Release|Any CPU
		{5F1DB711-4E27-4761-965B-ABE222A5BEC8}.Release|Any CPU.Build.0 = Release|Any CPU
		{08B7C081-F11B-45C1-A1C0-AA0E5E7B2F03}.Debug|Any CPU.ActiveCfg = Debug|Any CPU
		{08B7C081-F11B-45C1-A1C0-AA0E5E7B2F03}.Debug|Any CPU.Build.0 = Debug|Any CPU
		{08B7C081-F11B-45C1-A1C0-AA0E5E7B2F03}.Release|Any CPU.ActiveCfg = Release|Any CPU
		{08B7C081-F11B-45C1-A1C0-AA0E5E7B2F03}.Release|Any CPU.Build.0 = Release|Any CPU
		{062D6E75-2A6D-4A5D-ACC9-3E16C4AFD69D}.Debug|Any CPU.ActiveCfg = Debug|Any CPU
		{062D6E75-2A6D-4A5D-ACC9-3E16C4AFD69D}.Debug|Any CPU.Build.0 = Debug|Any CPU
		{062D6E75-2A6D-4A5D-ACC9-3E16C4AFD69D}.Release|Any CPU.ActiveCfg = Release|Any CPU
		{062D6E75-2A6D-4A5D-ACC9-3E16C4AFD69D}.Release|Any CPU.Build.0 = Release|Any CPU
		{B6F9E78C-4B2A-4563-B84D-F0449DE7845B}.Debug|Any CPU.ActiveCfg = Debug|Any CPU
		{B6F9E78C-4B2A-4563-B84D-F0449DE7845B}.Debug|Any CPU.Build.0 = Debug|Any CPU
		{B6F9E78C-4B2A-4563-B84D-F0449DE7845B}.Release|Any CPU.ActiveCfg = Release|Any CPU
		{B6F9E78C-4B2A-4563-B84D-F0449DE7845B}.Release|Any CPU.Build.0 = Release|Any CPU
		{133AC925-9EE6-49F5-8BBC-6BD78BDE3F85}.Debug|Any CPU.ActiveCfg = Debug|Any CPU
		{133AC925-9EE6-49F5-8BBC-6BD78BDE3F85}.Debug|Any CPU.Build.0 = Debug|Any CPU
		{133AC925-9EE6-49F5-8BBC-6BD78BDE3F85}.Release|Any CPU.ActiveCfg = Release|Any CPU
		{133AC925-9EE6-49F5-8BBC-6BD78BDE3F85}.Release|Any CPU.Build.0 = Release|Any CPU
	EndGlobalSection
	GlobalSection(SolutionProperties) = preSolution
		HideSolutionNode = FALSE
	EndGlobalSection
EndGlobal
