
Microsoft Visual Studio Solution File, Format Version 12.00
# Visual Studio 14
VisualStudioVersion = 14.0.25420.1
MinimumVisualStudioVersion = 10.0.40219.1
Project("{FAE04EC0-301F-11D3-BF4B-00C04F79EFBC}") = "TransientHolding", "TransientHolding\TransientHolding.csproj", "{37AACCBD-A369-4E92-BD00-ADC9F7D84460}"
EndProject
Project("{FAE04EC0-301F-11D3-BF4B-00C04F79EFBC}") = "TransientDiposableHolding", "TransientDiposableHolding\TransientDiposableHolding.csproj", "{47EE8A12-72AB-400E-8567-9BB01DE4D6EF}"
EndProject
Project("{FAE04EC0-301F-11D3-BF4B-00C04F79EFBC}") = "SingletonDependsOnTransient", "SingletonDependsOnTransient\SingletonDependsOnTransient.csproj", "{70A460DF-355E-459B-93D7-0D04A547B92D}"
EndProject
Project("{FAE04EC0-301F-11D3-BF4B-00C04F79EFBC}") = "SingletonDependsOnScoped", "SingletonDependsOnScoped\SingletonDependsOnScoped.csproj", "{6E03401E-3E31-4B46-9D29-EB2969F425F7}"
EndProject
Project("{FAE04EC0-301F-11D3-BF4B-00C04F79EFBC}") = "TransientDependsOnTransient", "TransientDependsOnTransient\TransientDependsOnTransient.csproj", "{5F5DF55C-83AD-4E39-8766-A72D4CBE56CC}"
EndProject
Project("{FAE04EC0-301F-11D3-BF4B-00C04F79EFBC}") = "TransientDependsOnScoped", "TransientDependsOnScoped\TransientDependsOnScoped.csproj", "{0187254E-97A3-4C8E-B8D3-BDACDCB6A287}"
EndProject
Project("{FAE04EC0-301F-11D3-BF4B-00C04F79EFBC}") = "GenericRegistrationSpecification", "GenericRegistrationSpecification\GenericRegistrationSpecification.csproj", "{3AA67CCC-E805-41BD-A4CC-6FAAAF1B2E44}"
EndProject
Project("{2150E333-8FDC-42A3-9474-1A3956D46DE8}") = "LifestyleCases", "LifestyleCases", "{34165175-7ED3-4103-A07B-ABA275244C19}"
EndProject
Project("{2150E333-8FDC-42A3-9474-1A3956D46DE8}") = "Registration examples", "Registration examples", "{05437D71-F9A6-4A2C-8E50-DE2CE8328032}"
EndProject
Project("{FAE04EC0-301F-11D3-BF4B-00C04F79EFBC}") = "Registrations", "Registrations\Registrations.csproj", "{56574249-92FA-45E4-88C5-B49E10E83F26}"
EndProject
Project("{FAE04EC0-301F-11D3-BF4B-00C04F79EFBC}") = "NonObviousRegistrations", "NonObviousRegistrations\NonObviousRegistrations.csproj", "{2F92D4F9-90C1-4BC3-AC13-71CD2B77378A}"
EndProject
Project("{2150E333-8FDC-42A3-9474-1A3956D46DE8}") = "ResolveExamples", "ResolveExamples", "{1C4DA871-6083-4716-A281-09CDABBE472B}"
EndProject
Project("{FAE04EC0-301F-11D3-BF4B-00C04F79EFBC}") = "SingletonFromManyThreads", "SingletonFromManyThreads\SingletonFromManyThreads.csproj", "{7CE50EE2-613A-41F7-807A-33E00021302D}"
EndProject
Project("{FAE04EC0-301F-11D3-BF4B-00C04F79EFBC}") = "ScopedFromManyThreads", "ScopedFromManyThreads\ScopedFromManyThreads.csproj", "{E31F3BF6-5AF5-414B-BCD5-A56DC7A0BE4F}"
EndProject
Project("{FAE04EC0-301F-11D3-BF4B-00C04F79EFBC}") = "PerWebByThreadsWebApp", "PerWebByThreadsWebApp\PerWebByThreadsWebApp.csproj", "{FD6EE56E-B589-4D7B-ACE7-B7C33989485F}"
EndProject
Global
	GlobalSection(SolutionConfigurationPlatforms) = preSolution
		Debug|Any CPU = Debug|Any CPU
		Release|Any CPU = Release|Any CPU
	EndGlobalSection
	GlobalSection(ProjectConfigurationPlatforms) = postSolution
		{37AACCBD-A369-4E92-BD00-ADC9F7D84460}.Debug|Any CPU.ActiveCfg = Debug|Any CPU
		{37AACCBD-A369-4E92-BD00-ADC9F7D84460}.Debug|Any CPU.Build.0 = Debug|Any CPU
		{37AACCBD-A369-4E92-BD00-ADC9F7D84460}.Release|Any CPU.ActiveCfg = Release|Any CPU
		{37AACCBD-A369-4E92-BD00-ADC9F7D84460}.Release|Any CPU.Build.0 = Release|Any CPU
		{47EE8A12-72AB-400E-8567-9BB01DE4D6EF}.Debug|Any CPU.ActiveCfg = Debug|Any CPU
		{47EE8A12-72AB-400E-8567-9BB01DE4D6EF}.Debug|Any CPU.Build.0 = Debug|Any CPU
		{47EE8A12-72AB-400E-8567-9BB01DE4D6EF}.Release|Any CPU.ActiveCfg = Release|Any CPU
		{47EE8A12-72AB-400E-8567-9BB01DE4D6EF}.Release|Any CPU.Build.0 = Release|Any CPU
		{70A460DF-355E-459B-93D7-0D04A547B92D}.Debug|Any CPU.ActiveCfg = Debug|Any CPU
		{70A460DF-355E-459B-93D7-0D04A547B92D}.Debug|Any CPU.Build.0 = Debug|Any CPU
		{70A460DF-355E-459B-93D7-0D04A547B92D}.Release|Any CPU.ActiveCfg = Release|Any CPU
		{70A460DF-355E-459B-93D7-0D04A547B92D}.Release|Any CPU.Build.0 = Release|Any CPU
		{6E03401E-3E31-4B46-9D29-EB2969F425F7}.Debug|Any CPU.ActiveCfg = Debug|Any CPU
		{6E03401E-3E31-4B46-9D29-EB2969F425F7}.Debug|Any CPU.Build.0 = Debug|Any CPU
		{6E03401E-3E31-4B46-9D29-EB2969F425F7}.Release|Any CPU.ActiveCfg = Release|Any CPU
		{6E03401E-3E31-4B46-9D29-EB2969F425F7}.Release|Any CPU.Build.0 = Release|Any CPU
		{5F5DF55C-83AD-4E39-8766-A72D4CBE56CC}.Debug|Any CPU.ActiveCfg = Debug|Any CPU
		{5F5DF55C-83AD-4E39-8766-A72D4CBE56CC}.Debug|Any CPU.Build.0 = Debug|Any CPU
		{5F5DF55C-83AD-4E39-8766-A72D4CBE56CC}.Release|Any CPU.ActiveCfg = Release|Any CPU
		{5F5DF55C-83AD-4E39-8766-A72D4CBE56CC}.Release|Any CPU.Build.0 = Release|Any CPU
		{0187254E-97A3-4C8E-B8D3-BDACDCB6A287}.Debug|Any CPU.ActiveCfg = Debug|Any CPU
		{0187254E-97A3-4C8E-B8D3-BDACDCB6A287}.Debug|Any CPU.Build.0 = Debug|Any CPU
		{0187254E-97A3-4C8E-B8D3-BDACDCB6A287}.Release|Any CPU.ActiveCfg = Release|Any CPU
		{0187254E-97A3-4C8E-B8D3-BDACDCB6A287}.Release|Any CPU.Build.0 = Release|Any CPU
		{3AA67CCC-E805-41BD-A4CC-6FAAAF1B2E44}.Debug|Any CPU.ActiveCfg = Debug|Any CPU
		{3AA67CCC-E805-41BD-A4CC-6FAAAF1B2E44}.Debug|Any CPU.Build.0 = Debug|Any CPU
		{3AA67CCC-E805-41BD-A4CC-6FAAAF1B2E44}.Release|Any CPU.ActiveCfg = Release|Any CPU
		{3AA67CCC-E805-41BD-A4CC-6FAAAF1B2E44}.Release|Any CPU.Build.0 = Release|Any CPU
		{56574249-92FA-45E4-88C5-B49E10E83F26}.Debug|Any CPU.ActiveCfg = Debug|Any CPU
		{56574249-92FA-45E4-88C5-B49E10E83F26}.Debug|Any CPU.Build.0 = Debug|Any CPU
		{56574249-92FA-45E4-88C5-B49E10E83F26}.Release|Any CPU.ActiveCfg = Release|Any CPU
		{56574249-92FA-45E4-88C5-B49E10E83F26}.Release|Any CPU.Build.0 = Release|Any CPU
		{2F92D4F9-90C1-4BC3-AC13-71CD2B77378A}.Debug|Any CPU.ActiveCfg = Debug|Any CPU
		{2F92D4F9-90C1-4BC3-AC13-71CD2B77378A}.Debug|Any CPU.Build.0 = Debug|Any CPU
		{2F92D4F9-90C1-4BC3-AC13-71CD2B77378A}.Release|Any CPU.ActiveCfg = Release|Any CPU
		{2F92D4F9-90C1-4BC3-AC13-71CD2B77378A}.Release|Any CPU.Build.0 = Release|Any CPU
		{7CE50EE2-613A-41F7-807A-33E00021302D}.Debug|Any CPU.ActiveCfg = Debug|Any CPU
		{7CE50EE2-613A-41F7-807A-33E00021302D}.Debug|Any CPU.Build.0 = Debug|Any CPU
		{7CE50EE2-613A-41F7-807A-33E00021302D}.Release|Any CPU.ActiveCfg = Release|Any CPU
		{7CE50EE2-613A-41F7-807A-33E00021302D}.Release|Any CPU.Build.0 = Release|Any CPU
		{E31F3BF6-5AF5-414B-BCD5-A56DC7A0BE4F}.Debug|Any CPU.ActiveCfg = Debug|Any CPU
		{E31F3BF6-5AF5-414B-BCD5-A56DC7A0BE4F}.Debug|Any CPU.Build.0 = Debug|Any CPU
		{E31F3BF6-5AF5-414B-BCD5-A56DC7A0BE4F}.Release|Any CPU.ActiveCfg = Release|Any CPU
		{E31F3BF6-5AF5-414B-BCD5-A56DC7A0BE4F}.Release|Any CPU.Build.0 = Release|Any CPU
		{FD6EE56E-B589-4D7B-ACE7-B7C33989485F}.Debug|Any CPU.ActiveCfg = Debug|Any CPU
		{FD6EE56E-B589-4D7B-ACE7-B7C33989485F}.Debug|Any CPU.Build.0 = Debug|Any CPU
		{FD6EE56E-B589-4D7B-ACE7-B7C33989485F}.Release|Any CPU.ActiveCfg = Release|Any CPU
		{FD6EE56E-B589-4D7B-ACE7-B7C33989485F}.Release|Any CPU.Build.0 = Release|Any CPU
	EndGlobalSection
	GlobalSection(SolutionProperties) = preSolution
		HideSolutionNode = FALSE
	EndGlobalSection
	GlobalSection(NestedProjects) = preSolution
		{6E03401E-3E31-4B46-9D29-EB2969F425F7} = {34165175-7ED3-4103-A07B-ABA275244C19}
		{70A460DF-355E-459B-93D7-0D04A547B92D} = {34165175-7ED3-4103-A07B-ABA275244C19}
		{0187254E-97A3-4C8E-B8D3-BDACDCB6A287} = {34165175-7ED3-4103-A07B-ABA275244C19}
		{5F5DF55C-83AD-4E39-8766-A72D4CBE56CC} = {34165175-7ED3-4103-A07B-ABA275244C19}
		{47EE8A12-72AB-400E-8567-9BB01DE4D6EF} = {34165175-7ED3-4103-A07B-ABA275244C19}
		{37AACCBD-A369-4E92-BD00-ADC9F7D84460} = {34165175-7ED3-4103-A07B-ABA275244C19}
		{3AA67CCC-E805-41BD-A4CC-6FAAAF1B2E44} = {05437D71-F9A6-4A2C-8E50-DE2CE8328032}
		{56574249-92FA-45E4-88C5-B49E10E83F26} = {05437D71-F9A6-4A2C-8E50-DE2CE8328032}
		{2F92D4F9-90C1-4BC3-AC13-71CD2B77378A} = {05437D71-F9A6-4A2C-8E50-DE2CE8328032}
		{7CE50EE2-613A-41F7-807A-33E00021302D} = {1C4DA871-6083-4716-A281-09CDABBE472B}
		{E31F3BF6-5AF5-414B-BCD5-A56DC7A0BE4F} = {1C4DA871-6083-4716-A281-09CDABBE472B}
		{FD6EE56E-B589-4D7B-ACE7-B7C33989485F} = {1C4DA871-6083-4716-A281-09CDABBE472B}
	EndGlobalSection
EndGlobal
