
Microsoft Visual Studio Solution File, Format Version 12.00
# Visual Studio 14
VisualStudioVersion = 14.0.25420.1
MinimumVisualStudioVersion = 10.0.40219.1
Project("{FAE04EC0-301F-11D3-BF4B-00C04F79EFBC}") = "CrudOnPoco", "CrudOnPoco\CrudOnPoco.csproj", "{41494087-47F2-4CA0-A31B-BAE7474E0FEF}"
EndProject
Project("{FAE04EC0-301F-11D3-BF4B-00C04F79EFBC}") = "SessionFactoryBuilder", "SessionFactoryBuilder\SessionFactoryBuilder.csproj", "{98F11D04-EA19-4A1C-A0BB-0A72E8EF9047}"
EndProject
Project("{FAE04EC0-301F-11D3-BF4B-00C04F79EFBC}") = "EntitiesAndMaps", "EntitiesAndMaps\EntitiesAndMaps.csproj", "{A192C5A4-1757-4F34-B26E-6B60DA85F958}"
EndProject
Project("{FAE04EC0-301F-11D3-BF4B-00C04F79EFBC}") = "Transactions", "Transactions\Transactions.csproj", "{BC0E9ED0-6616-40FB-A6A6-92EEAF0CCE68}"
EndProject
Project("{FAE04EC0-301F-11D3-BF4B-00C04F79EFBC}") = "GetLoadAndLazyFetch", "GetLoad\GetLoadAndLazyFetch.csproj", "{86CFD5DB-7211-4591-A480-3F60BFABCC46}"
EndProject
Project("{FAE04EC0-301F-11D3-BF4B-00C04F79EFBC}") = "Cache", "Cache\Cache.csproj", "{1D1A80FC-DDE7-4841-833E-60E8653657C1}"
EndProject
Project("{2150E333-8FDC-42A3-9474-1A3956D46DE8}") = "EntitesAndMappings", "EntitesAndMappings", "{96E54BC4-4C66-496A-B095-DE4C111EA3D5}"
EndProject
Project("{2150E333-8FDC-42A3-9474-1A3956D46DE8}") = "SessionFactory", "SessionFactory", "{9D9E6596-F0AB-42D2-94E8-7DBC05671C03}"
EndProject
Project("{2150E333-8FDC-42A3-9474-1A3956D46DE8}") = "CRUD", "CRUD", "{28F20D9B-C087-4A58-9267-E47B86395B6E}"
EndProject
Project("{2150E333-8FDC-42A3-9474-1A3956D46DE8}") = "Transactions", "Transactions", "{A5723841-3214-469E-9BDF-02EE28ACF948}"
EndProject
Project("{2150E333-8FDC-42A3-9474-1A3956D46DE8}") = "Fetch strategies", "Fetch strategies", "{64F2D107-3442-40A1-A42A-441829AA2270}"
EndProject
Project("{2150E333-8FDC-42A3-9474-1A3956D46DE8}") = "Cache examples", "Cache examples", "{BA31A1CF-D4C6-4850-8AEA-1F78EACC41A4}"
EndProject
Project("{2150E333-8FDC-42A3-9474-1A3956D46DE8}") = "Flush behaviour", "Flush behaviour", "{71CB0726-F62A-44C8-9177-AF7CB469ACDE}"
EndProject
Project("{2150E333-8FDC-42A3-9474-1A3956D46DE8}") = "Simple CRUD", "Simple CRUD", "{BE1AD16E-A33D-4891-ACF8-DC5C1D05CEE2}"
EndProject
Project("{2150E333-8FDC-42A3-9474-1A3956D46DE8}") = "CRUD through batcher ", "CRUD through batcher ", "{BD5A2B27-F7F5-4DFF-AFCD-F6F6E291A11C}"
EndProject
Project("{FAE04EC0-301F-11D3-BF4B-00C04F79EFBC}") = "FlushExamples", "FlushExamples\FlushExamples.csproj", "{561D3E0A-2042-464C-86AA-2A17DAD5482C}"
EndProject
Project("{2150E333-8FDC-42A3-9474-1A3956D46DE8}") = "Best practices", "Best practices", "{6091B8BC-8909-45A9-8229-D3165DE3349B}"
EndProject
Project("{FAE04EC0-301F-11D3-BF4B-00C04F79EFBC}") = "SomeExamples", "SomeExamples\SomeExamples.csproj", "{0DCB812B-AF43-4E3B-A6B7-07F6CCC53EB0}"
EndProject
Global
	GlobalSection(SolutionConfigurationPlatforms) = preSolution
		Debug|Any CPU = Debug|Any CPU
		Release|Any CPU = Release|Any CPU
	EndGlobalSection
	GlobalSection(ProjectConfigurationPlatforms) = postSolution
		{41494087-47F2-4CA0-A31B-BAE7474E0FEF}.Debug|Any CPU.ActiveCfg = Debug|Any CPU
		{41494087-47F2-4CA0-A31B-BAE7474E0FEF}.Debug|Any CPU.Build.0 = Debug|Any CPU
		{41494087-47F2-4CA0-A31B-BAE7474E0FEF}.Release|Any CPU.ActiveCfg = Release|Any CPU
		{41494087-47F2-4CA0-A31B-BAE7474E0FEF}.Release|Any CPU.Build.0 = Release|Any CPU
		{98F11D04-EA19-4A1C-A0BB-0A72E8EF9047}.Debug|Any CPU.ActiveCfg = Debug|Any CPU
		{98F11D04-EA19-4A1C-A0BB-0A72E8EF9047}.Debug|Any CPU.Build.0 = Debug|Any CPU
		{98F11D04-EA19-4A1C-A0BB-0A72E8EF9047}.Release|Any CPU.ActiveCfg = Release|Any CPU
		{98F11D04-EA19-4A1C-A0BB-0A72E8EF9047}.Release|Any CPU.Build.0 = Release|Any CPU
		{A192C5A4-1757-4F34-B26E-6B60DA85F958}.Debug|Any CPU.ActiveCfg = Debug|Any CPU
		{A192C5A4-1757-4F34-B26E-6B60DA85F958}.Debug|Any CPU.Build.0 = Debug|Any CPU
		{A192C5A4-1757-4F34-B26E-6B60DA85F958}.Release|Any CPU.ActiveCfg = Release|Any CPU
		{A192C5A4-1757-4F34-B26E-6B60DA85F958}.Release|Any CPU.Build.0 = Release|Any CPU
		{BC0E9ED0-6616-40FB-A6A6-92EEAF0CCE68}.Debug|Any CPU.ActiveCfg = Debug|Any CPU
		{BC0E9ED0-6616-40FB-A6A6-92EEAF0CCE68}.Debug|Any CPU.Build.0 = Debug|Any CPU
		{BC0E9ED0-6616-40FB-A6A6-92EEAF0CCE68}.Release|Any CPU.ActiveCfg = Release|Any CPU
		{BC0E9ED0-6616-40FB-A6A6-92EEAF0CCE68}.Release|Any CPU.Build.0 = Release|Any CPU
		{86CFD5DB-7211-4591-A480-3F60BFABCC46}.Debug|Any CPU.ActiveCfg = Debug|Any CPU
		{86CFD5DB-7211-4591-A480-3F60BFABCC46}.Debug|Any CPU.Build.0 = Debug|Any CPU
		{86CFD5DB-7211-4591-A480-3F60BFABCC46}.Release|Any CPU.ActiveCfg = Release|Any CPU
		{86CFD5DB-7211-4591-A480-3F60BFABCC46}.Release|Any CPU.Build.0 = Release|Any CPU
		{1D1A80FC-DDE7-4841-833E-60E8653657C1}.Debug|Any CPU.ActiveCfg = Debug|Any CPU
		{1D1A80FC-DDE7-4841-833E-60E8653657C1}.Debug|Any CPU.Build.0 = Debug|Any CPU
		{1D1A80FC-DDE7-4841-833E-60E8653657C1}.Release|Any CPU.ActiveCfg = Release|Any CPU
		{1D1A80FC-DDE7-4841-833E-60E8653657C1}.Release|Any CPU.Build.0 = Release|Any CPU
		{561D3E0A-2042-464C-86AA-2A17DAD5482C}.Debug|Any CPU.ActiveCfg = Debug|Any CPU
		{561D3E0A-2042-464C-86AA-2A17DAD5482C}.Debug|Any CPU.Build.0 = Debug|Any CPU
		{561D3E0A-2042-464C-86AA-2A17DAD5482C}.Release|Any CPU.ActiveCfg = Release|Any CPU
		{561D3E0A-2042-464C-86AA-2A17DAD5482C}.Release|Any CPU.Build.0 = Release|Any CPU
		{0DCB812B-AF43-4E3B-A6B7-07F6CCC53EB0}.Debug|Any CPU.ActiveCfg = Debug|Any CPU
		{0DCB812B-AF43-4E3B-A6B7-07F6CCC53EB0}.Debug|Any CPU.Build.0 = Debug|Any CPU
		{0DCB812B-AF43-4E3B-A6B7-07F6CCC53EB0}.Release|Any CPU.ActiveCfg = Release|Any CPU
		{0DCB812B-AF43-4E3B-A6B7-07F6CCC53EB0}.Release|Any CPU.Build.0 = Release|Any CPU
	EndGlobalSection
	GlobalSection(SolutionProperties) = preSolution
		HideSolutionNode = FALSE
	EndGlobalSection
	GlobalSection(NestedProjects) = preSolution
		{A192C5A4-1757-4F34-B26E-6B60DA85F958} = {96E54BC4-4C66-496A-B095-DE4C111EA3D5}
		{98F11D04-EA19-4A1C-A0BB-0A72E8EF9047} = {9D9E6596-F0AB-42D2-94E8-7DBC05671C03}
		{86CFD5DB-7211-4591-A480-3F60BFABCC46} = {64F2D107-3442-40A1-A42A-441829AA2270}
		{BC0E9ED0-6616-40FB-A6A6-92EEAF0CCE68} = {A5723841-3214-469E-9BDF-02EE28ACF948}
		{1D1A80FC-DDE7-4841-833E-60E8653657C1} = {BA31A1CF-D4C6-4850-8AEA-1F78EACC41A4}
		{BE1AD16E-A33D-4891-ACF8-DC5C1D05CEE2} = {28F20D9B-C087-4A58-9267-E47B86395B6E}
		{41494087-47F2-4CA0-A31B-BAE7474E0FEF} = {BE1AD16E-A33D-4891-ACF8-DC5C1D05CEE2}
		{BD5A2B27-F7F5-4DFF-AFCD-F6F6E291A11C} = {28F20D9B-C087-4A58-9267-E47B86395B6E}
		{561D3E0A-2042-464C-86AA-2A17DAD5482C} = {71CB0726-F62A-44C8-9177-AF7CB469ACDE}
		{0DCB812B-AF43-4E3B-A6B7-07F6CCC53EB0} = {6091B8BC-8909-45A9-8229-D3165DE3349B}
	EndGlobalSection
EndGlobal
